
Microsoft Visual Studio Solution File, Format Version 12.00
# Visual Studio 2012
Project("{FAE04EC0-301F-11D3-BF4B-00C04F79EFBC}") = "WebApiCore", "WebApiCore\WebApiCore.csproj", "{38786D19-831B-4FC1-A9DF-FDEFD27C798E}"
EndProject
Global
	GlobalSection(SolutionConfigurationPlatforms) = preSolution
		Debug|Any CPU = Debug|Any CPU
		Release|Any CPU = Release|Any CPU
	EndGlobalSection
	GlobalSection(ProjectConfigurationPlatforms) = postSolution
		{38786D19-831B-4FC1-A9DF-FDEFD27C798E}.Debug|Any CPU.ActiveCfg = Debug|Any CPU
		{38786D19-831B-4FC1-A9DF-FDEFD27C798E}.Debug|Any CPU.Build.0 = Debug|Any CPU
		{38786D19-831B-4FC1-A9DF-FDEFD27C798E}.Release|Any CPU.ActiveCfg = Release|Any CPU
		{38786D19-831B-4FC1-A9DF-FDEFD27C798E}.Release|Any CPU.Build.0 = Release|Any CPU
	EndGlobalSection
EndGlobal
